
Microsoft Visual Studio Solution File, Format Version 12.00
# Visual Studio Version 17
VisualStudioVersion = 17.9.34622.214
MinimumVisualStudioVersion = 10.0.40219.1
Project("{9A19103F-16F7-4668-BE54-9A1E7A4F7556}") = "CustomAPI", "CustomAPI\CustomAPI.csproj", "{B9D24BF4-EE9A-466D-95D9-294B3CE69C58}"
EndProject
Project("{FAE04EC0-301F-11D3-BF4B-00C04F79EFBC}") = "Shoe_Store_API", "Shoe_Store_API\Shoe_Store_API.csproj", "{3AA49524-89B3-432F-876F-3041D9926DBE}"
EndProject
Global
	GlobalSection(SolutionConfigurationPlatforms) = preSolution
		Debug|Any CPU = Debug|Any CPU
		Release|Any CPU = Release|Any CPU
	EndGlobalSection
	GlobalSection(ProjectConfigurationPlatforms) = postSolution
		{B9D24BF4-EE9A-466D-95D9-294B3CE69C58}.Debug|Any CPU.ActiveCfg = Debug|Any CPU
		{B9D24BF4-EE9A-466D-95D9-294B3CE69C58}.Debug|Any CPU.Build.0 = Debug|Any CPU
		{B9D24BF4-EE9A-466D-95D9-294B3CE69C58}.Release|Any CPU.ActiveCfg = Release|Any CPU
		{B9D24BF4-EE9A-466D-95D9-294B3CE69C58}.Release|Any CPU.Build.0 = Release|Any CPU
		{3AA49524-89B3-432F-876F-3041D9926DBE}.Debug|Any CPU.ActiveCfg = Debug|Any CPU
		{3AA49524-89B3-432F-876F-3041D9926DBE}.Debug|Any CPU.Build.0 = Debug|Any CPU
		{3AA49524-89B3-432F-876F-3041D9926DBE}.Release|Any CPU.ActiveCfg = Release|Any CPU
		{3AA49524-89B3-432F-876F-3041D9926DBE}.Release|Any CPU.Build.0 = Release|Any CPU
	EndGlobalSection
	GlobalSection(SolutionProperties) = preSolution
		HideSolutionNode = FALSE
	EndGlobalSection
	GlobalSection(ExtensibilityGlobals) = postSolution
		SolutionGuid = {F9776A5E-7658-46FD-83C2-D10A94E0BE86}
	EndGlobalSection
EndGlobal
